
Microsoft Visual Studio Solution File, Format Version 12.00
# Visual Studio 2013
VisualStudioVersion = 12.0.31101.0
MinimumVisualStudioVersion = 10.0.40219.1
Project("{FAE04EC0-301F-11D3-BF4B-00C04F79EFBC}") = "Jumony.Demo.HelpCenter", "Jumony.Demo.HelpCenter\Jumony.Demo.HelpCenter.csproj", "{157C4483-5593-400D-8F2C-87745AE46704}"
EndProject
Project("{FAE04EC0-301F-11D3-BF4B-00C04F79EFBC}") = "Jumony.Demo.SimpleTodo", "Jumony.Demo.SimpleTodo\Jumony.Demo.SimpleTodo.csproj", "{25E8565E-39C3-44B0-923F-A991CD94EE49}"
EndProject
Project("{E24C65DC-7377-472B-9ABA-BC803B73C61A}") = "WebSite", "http://localhost:25147", "{EF588224-E40E-4A96-B650-1FD19836FEED}"
	ProjectSection(WebsiteProperties) = preProject
		UseIISExpress = "true"
		TargetFrameworkMoniker = ".NETFramework,Version%3Dv4.5"
		ProjectReferences = "{157c4483-5593-400d-8f2c-87745ae46704}|Jumony.Demo.HelpCenter.dll;{25e8565e-39c3-44b0-923f-a991cd94ee49}|Jumony.Demo.SimpleTodo.dll;{257a9440-f263-46a2-9c9e-8f7724927694}|Jumony.Demo.DomViewer.dll;{a755d683-2016-4a4f-9082-7e76a586e8a7}|Jumony.Demo.Site.dll;"
		Debug.AspNetCompiler.VirtualPath = "/localhost_25147"
		Debug.AspNetCompiler.PhysicalPath = "WebSite\"
		Debug.AspNetCompiler.TargetPath = "PrecompiledWeb\localhost_25147\"
		Debug.AspNetCompiler.Updateable = "true"
		Debug.AspNetCompiler.ForceOverwrite = "true"
		Debug.AspNetCompiler.FixedNames = "false"
		Debug.AspNetCompiler.Debug = "True"
		Release.AspNetCompiler.VirtualPath = "/localhost_25147"
		Release.AspNetCompiler.PhysicalPath = "WebSite\"
		Release.AspNetCompiler.TargetPath = "PrecompiledWeb\localhost_25147\"
		Release.AspNetCompiler.Updateable = "true"
		Release.AspNetCompiler.ForceOverwrite = "true"
		Release.AspNetCompiler.FixedNames = "false"
		Release.AspNetCompiler.Debug = "False"
		SlnRelativePath = "WebSite\"
	EndProjectSection
EndProject
Project("{FAE04EC0-301F-11D3-BF4B-00C04F79EFBC}") = "Jumony.Demo.DomViewer", "Jumony.Demo.DomViewer\Jumony.Demo.DomViewer.csproj", "{257A9440-F263-46A2-9C9E-8F7724927694}"
EndProject
Project("{FAE04EC0-301F-11D3-BF4B-00C04F79EFBC}") = "Jumony.Demo.Site", "Jumony.Demo.Site\Jumony.Demo.Site.csproj", "{A755D683-2016-4A4F-9082-7E76A586E8A7}"
EndProject
Project("{F2A71F9B-5D33-465A-A702-920D77279786}") = "Test", "Test\Test.fsproj", "{86F847C3-8E80-4FCE-84AC-529987949859}"
EndProject
Project("{2150E333-8FDC-42A3-9474-1A3956D46DE8}") = ".nuget", ".nuget", "{CBCA61C4-127F-443E-9C3C-D4394B1BA118}"
	ProjectSection(SolutionItems) = preProject
		.nuget\NuGet.Config = .nuget\NuGet.Config
		.nuget\NuGet.exe = .nuget\NuGet.exe
		.nuget\NuGet.targets = .nuget\NuGet.targets
	EndProjectSection
EndProject
Global
	GlobalSection(SolutionConfigurationPlatforms) = preSolution
		Debug|Any CPU = Debug|Any CPU
		Release|Any CPU = Release|Any CPU
	EndGlobalSection
	GlobalSection(ProjectConfigurationPlatforms) = postSolution
		{157C4483-5593-400D-8F2C-87745AE46704}.Debug|Any CPU.ActiveCfg = Debug|Any CPU
		{157C4483-5593-400D-8F2C-87745AE46704}.Debug|Any CPU.Build.0 = Debug|Any CPU
		{157C4483-5593-400D-8F2C-87745AE46704}.Release|Any CPU.ActiveCfg = Release|Any CPU
		{157C4483-5593-400D-8F2C-87745AE46704}.Release|Any CPU.Build.0 = Release|Any CPU
		{25E8565E-39C3-44B0-923F-A991CD94EE49}.Debug|Any CPU.ActiveCfg = Debug|Any CPU
		{25E8565E-39C3-44B0-923F-A991CD94EE49}.Debug|Any CPU.Build.0 = Debug|Any CPU
		{25E8565E-39C3-44B0-923F-A991CD94EE49}.Release|Any CPU.ActiveCfg = Release|Any CPU
		{25E8565E-39C3-44B0-923F-A991CD94EE49}.Release|Any CPU.Build.0 = Release|Any CPU
		{EF588224-E40E-4A96-B650-1FD19836FEED}.Debug|Any CPU.ActiveCfg = Debug|Any CPU
		{EF588224-E40E-4A96-B650-1FD19836FEED}.Debug|Any CPU.Build.0 = Debug|Any CPU
		{EF588224-E40E-4A96-B650-1FD19836FEED}.Release|Any CPU.ActiveCfg = Debug|Any CPU
		{EF588224-E40E-4A96-B650-1FD19836FEED}.Release|Any CPU.Build.0 = Debug|Any CPU
		{257A9440-F263-46A2-9C9E-8F7724927694}.Debug|Any CPU.ActiveCfg = Debug|Any CPU
		{257A9440-F263-46A2-9C9E-8F7724927694}.Debug|Any CPU.Build.0 = Debug|Any CPU
		{257A9440-F263-46A2-9C9E-8F7724927694}.Release|Any CPU.ActiveCfg = Release|Any CPU
		{257A9440-F263-46A2-9C9E-8F7724927694}.Release|Any CPU.Build.0 = Release|Any CPU
		{A755D683-2016-4A4F-9082-7E76A586E8A7}.Debug|Any CPU.ActiveCfg = Debug|Any CPU
		{A755D683-2016-4A4F-9082-7E76A586E8A7}.Debug|Any CPU.Build.0 = Debug|Any CPU
		{A755D683-2016-4A4F-9082-7E76A586E8A7}.Release|Any CPU.ActiveCfg = Release|Any CPU
		{A755D683-2016-4A4F-9082-7E76A586E8A7}.Release|Any CPU.Build.0 = Release|Any CPU
		{86F847C3-8E80-4FCE-84AC-529987949859}.Debug|Any CPU.ActiveCfg = Debug|Any CPU
		{86F847C3-8E80-4FCE-84AC-529987949859}.Debug|Any CPU.Build.0 = Debug|Any CPU
		{86F847C3-8E80-4FCE-84AC-529987949859}.Release|Any CPU.ActiveCfg = Release|Any CPU
		{86F847C3-8E80-4FCE-84AC-529987949859}.Release|Any CPU.Build.0 = Release|Any CPU
	EndGlobalSection
	GlobalSection(SolutionProperties) = preSolution
		HideSolutionNode = FALSE
	EndGlobalSection
EndGlobal
