
Microsoft Visual Studio Solution File, Format Version 12.00
# Visual Studio 2013
VisualStudioVersion = 12.0.30110.0
MinimumVisualStudioVersion = 10.0.40219.1
Project("{FAE04EC0-301F-11D3-BF4B-00C04F79EFBC}") = "Jumony.Demo.HelpCenter", "Jumony.Demo.HelpCenter\Jumony.Demo.HelpCenter.csproj", "{157C4483-5593-400D-8F2C-87745AE46704}"
EndProject
Project("{FAE04EC0-301F-11D3-BF4B-00C04F79EFBC}") = "Jumony.Demo.SimpleTodo", "Jumony.Demo.SimpleTodo\Jumony.Demo.SimpleTodo.csproj", "{25E8565E-39C3-44B0-923F-A991CD94EE49}"
EndProject
Project("{E24C65DC-7377-472B-9ABA-BC803B73C61A}") = "WebSite", "http://localhost:25147", "{EF588224-E40E-4A96-B650-1FD19836FEED}"
	ProjectSection(WebsiteProperties) = preProject
		UseIISExpress = "true"
		TargetFrameworkMoniker = ".NETFramework,Version%3Dv4.5"
		ProjectReferences = "{25e8565e-39c3-44b0-923f-a991cd94ee49}|Jumony.Demo.SimpleTodo.dll;{157c4483-5593-400d-8f2c-87745ae46704}|Jumony.Demo.HelpCenter.dll;{257a9440-f263-46a2-9c9e-8f7724927694}|Jumony.Demo.DomExplorer.dll;"
		Debug.AspNetCompiler.VirtualPath = "/localhost_25147"
		Debug.AspNetCompiler.PhysicalPath = "WebSite\"
		Debug.AspNetCompiler.TargetPath = "PrecompiledWeb\localhost_25147\"
		Debug.AspNetCompiler.Updateable = "true"
		Debug.AspNetCompiler.ForceOverwrite = "true"
		Debug.AspNetCompiler.FixedNames = "false"
		Debug.AspNetCompiler.Debug = "True"
		Release.AspNetCompiler.VirtualPath = "/localhost_25147"
		Release.AspNetCompiler.PhysicalPath = "WebSite\"
		Release.AspNetCompiler.TargetPath = "PrecompiledWeb\localhost_25147\"
		Release.AspNetCompiler.Updateable = "true"
		Release.AspNetCompiler.ForceOverwrite = "true"
		Release.AspNetCompiler.FixedNames = "false"
		Release.AspNetCompiler.Debug = "False"
		SlnRelativePath = "WebSite\"
	EndProjectSection
EndProject
Project("{FAE04EC0-301F-11D3-BF4B-00C04F79EFBC}") = "Jumony.Demo.DomExplorer", "Jumony.Demo.DomExplorer\Jumony.Demo.DomExplorer.csproj", "{257A9440-F263-46A2-9C9E-8F7724927694}"
EndProject
Global
	GlobalSection(SolutionConfigurationPlatforms) = preSolution
		Debug|Any CPU = Debug|Any CPU
		Release|Any CPU = Release|Any CPU
	EndGlobalSection
	GlobalSection(ProjectConfigurationPlatforms) = postSolution
		{157C4483-5593-400D-8F2C-87745AE46704}.Debug|Any CPU.ActiveCfg = Debug|Any CPU
		{157C4483-5593-400D-8F2C-87745AE46704}.Debug|Any CPU.Build.0 = Debug|Any CPU
		{157C4483-5593-400D-8F2C-87745AE46704}.Release|Any CPU.ActiveCfg = Release|Any CPU
		{157C4483-5593-400D-8F2C-87745AE46704}.Release|Any CPU.Build.0 = Release|Any CPU
		{25E8565E-39C3-44B0-923F-A991CD94EE49}.Debug|Any CPU.ActiveCfg = Debug|Any CPU
		{25E8565E-39C3-44B0-923F-A991CD94EE49}.Debug|Any CPU.Build.0 = Debug|Any CPU
		{25E8565E-39C3-44B0-923F-A991CD94EE49}.Release|Any CPU.ActiveCfg = Release|Any CPU
		{25E8565E-39C3-44B0-923F-A991CD94EE49}.Release|Any CPU.Build.0 = Release|Any CPU
		{EF588224-E40E-4A96-B650-1FD19836FEED}.Debug|Any CPU.ActiveCfg = Debug|Any CPU
		{EF588224-E40E-4A96-B650-1FD19836FEED}.Debug|Any CPU.Build.0 = Debug|Any CPU
		{EF588224-E40E-4A96-B650-1FD19836FEED}.Release|Any CPU.ActiveCfg = Debug|Any CPU
		{EF588224-E40E-4A96-B650-1FD19836FEED}.Release|Any CPU.Build.0 = Debug|Any CPU
		{257A9440-F263-46A2-9C9E-8F7724927694}.Debug|Any CPU.ActiveCfg = Debug|Any CPU
		{257A9440-F263-46A2-9C9E-8F7724927694}.Debug|Any CPU.Build.0 = Debug|Any CPU
		{257A9440-F263-46A2-9C9E-8F7724927694}.Release|Any CPU.ActiveCfg = Release|Any CPU
		{257A9440-F263-46A2-9C9E-8F7724927694}.Release|Any CPU.Build.0 = Release|Any CPU
	EndGlobalSection
	GlobalSection(SolutionProperties) = preSolution
		HideSolutionNode = FALSE
	EndGlobalSection
EndGlobal
